// !$*UTF8*$!
{
	archiveVersion = 1;
	classes = {
	};
	objectVersion = 50;
	objects = {

/* Begin PBXBuildFile section */
		7A39148A2292A74300464372 /* AppDelegate.swift in Sources */ = {isa = PBXBuildFile; fileRef = 7A3914892292A74300464372 /* AppDelegate.swift */; };
		7A39148F2292A74300464372 /* Main.storyboard in Resources */ = {isa = PBXBuildFile; fileRef = 7A39148D2292A74300464372 /* Main.storyboard */; };
		7A3914912292A74800464372 /* Assets.xcassets in Resources */ = {isa = PBXBuildFile; fileRef = 7A3914902292A74800464372 /* Assets.xcassets */; };
		7A3914942292A74800464372 /* LaunchScreen.storyboard in Resources */ = {isa = PBXBuildFile; fileRef = 7A3914922292A74800464372 /* LaunchScreen.storyboard */; };
		7A39149C2292B75400464372 /* WelcomeViewController.swift in Sources */ = {isa = PBXBuildFile; fileRef = 7A39149B2292B75400464372 /* WelcomeViewController.swift */; };
		7A3914A32292B8FA00464372 /* LoginViewController.swift in Sources */ = {isa = PBXBuildFile; fileRef = 7A3914A22292B8FA00464372 /* LoginViewController.swift */; };
		7A3914A52292B90A00464372 /* SignupViewController.swift in Sources */ = {isa = PBXBuildFile; fileRef = 7A3914A42292B90A00464372 /* SignupViewController.swift */; };
		7A3914A72292BE5300464372 /* HomeViewController.swift in Sources */ = {isa = PBXBuildFile; fileRef = 7A3914A62292BE5300464372 /* HomeViewController.swift */; };
		7A3914AA2292C49A00464372 /* Section1AViewController.swift in Sources */ = {isa = PBXBuildFile; fileRef = 7A3914A92292C49A00464372 /* Section1AViewController.swift */; };
		7A3914AD2292C4BD00464372 /* Section2AViewController.swift in Sources */ = {isa = PBXBuildFile; fileRef = 7A3914AC2292C4BD00464372 /* Section2AViewController.swift */; };
		7A3914B02292DD4800464372 /* Section3AViewController.swift in Sources */ = {isa = PBXBuildFile; fileRef = 7A3914AF2292DD4800464372 /* Section3AViewController.swift */; };
		7A3914B22292DD9D00464372 /* Section3BViewController.swift in Sources */ = {isa = PBXBuildFile; fileRef = 7A3914B12292DD9D00464372 /* Section3BViewController.swift */; };
/* End PBXBuildFile section */

/* Begin PBXFileReference section */
		7A3914862292A74300464372 /* appTemplate.app */ = {isa = PBXFileReference; explicitFileType = wrapper.application; includeInIndex = 0; path = appTemplate.app; sourceTree = BUILT_PRODUCTS_DIR; };
		7A3914892292A74300464372 /* AppDelegate.swift */ = {isa = PBXFileReference; lastKnownFileType = sourcecode.swift; path = AppDelegate.swift; sourceTree = "<group>"; };
		7A39148E2292A74300464372 /* Base */ = {isa = PBXFileReference; lastKnownFileType = file.storyboard; name = Base; path = Base.lproj/Main.storyboard; sourceTree = "<group>"; };
		7A3914902292A74800464372 /* Assets.xcassets */ = {isa = PBXFileReference; lastKnownFileType = folder.assetcatalog; path = Assets.xcassets; sourceTree = "<group>"; };
		7A3914932292A74800464372 /* Base */ = {isa = PBXFileReference; lastKnownFileType = file.storyboard; name = Base; path = Base.lproj/LaunchScreen.storyboard; sourceTree = "<group>"; };
		7A3914952292A74800464372 /* Info.plist */ = {isa = PBXFileReference; lastKnownFileType = text.plist.xml; path = Info.plist; sourceTree = "<group>"; };
		7A39149B2292B75400464372 /* WelcomeViewController.swift */ = {isa = PBXFileReference; lastKnownFileType = sourcecode.swift; path = WelcomeViewController.swift; sourceTree = "<group>"; };
		7A3914A22292B8FA00464372 /* LoginViewController.swift */ = {isa = PBXFileReference; lastKnownFileType = sourcecode.swift; path = LoginViewController.swift; sourceTree = "<group>"; };
		7A3914A42292B90A00464372 /* SignupViewController.swift */ = {isa = PBXFileReference; lastKnownFileType = sourcecode.swift; path = SignupViewController.swift; sourceTree = "<group>"; };
		7A3914A62292BE5300464372 /* HomeViewController.swift */ = {isa = PBXFileReference; lastKnownFileType = sourcecode.swift; path = HomeViewController.swift; sourceTree = "<group>"; };
		7A3914A92292C49A00464372 /* Section1AViewController.swift */ = {isa = PBXFileReference; lastKnownFileType = sourcecode.swift; path = Section1AViewController.swift; sourceTree = "<group>"; };
		7A3914AC2292C4BD00464372 /* Section2AViewController.swift */ = {isa = PBXFileReference; lastKnownFileType = sourcecode.swift; path = Section2AViewController.swift; sourceTree = "<group>"; };
		7A3914AF2292DD4800464372 /* Section3AViewController.swift */ = {isa = PBXFileReference; lastKnownFileType = sourcecode.swift; path = Section3AViewController.swift; sourceTree = "<group>"; };
		7A3914B12292DD9D00464372 /* Section3BViewController.swift */ = {isa = PBXFileReference; lastKnownFileType = sourcecode.swift; name = Section3BViewController.swift; path = appTemplate/Controller/Section3/Section3BViewController.swift; sourceTree = SOURCE_ROOT; };
/* End PBXFileReference section */

/* Begin PBXFrameworksBuildPhase section */
		7A3914832292A74300464372 /* Frameworks */ = {
			isa = PBXFrameworksBuildPhase;
			buildActionMask = 2147483647;
			files = (
			);
			runOnlyForDeploymentPostprocessing = 0;
		};
/* End PBXFrameworksBuildPhase section */

/* Begin PBXGroup section */
		7A39147D2292A74200464372 = {
			isa = PBXGroup;
			children = (
				7A3914882292A74300464372 /* appTemplate */,
				7A3914872292A74300464372 /* Products */,
			);
			sourceTree = "<group>";
		};
		7A3914872292A74300464372 /* Products */ = {
			isa = PBXGroup;
			children = (
				7A3914862292A74300464372 /* appTemplate.app */,
			);
			name = Products;
			sourceTree = "<group>";
		};
		7A3914882292A74300464372 /* appTemplate */ = {
			isa = PBXGroup;
			children = (
				7A3914A12292B7CF00464372 /* Model */,
				7A39149F2292B7C100464372 /* View */,
				7A39149D2292B79400464372 /* Controller */,
				7A3914902292A74800464372 /* Assets.xcassets */,
				7A3914952292A74800464372 /* Info.plist */,
			);
			path = appTemplate;
			sourceTree = "<group>";
		};
		7A39149D2292B79400464372 /* Controller */ = {
			isa = PBXGroup;
			children = (
				7A3914AE2292DD2D00464372 /* Section3 */,
				7A3914AB2292C4A100464372 /* Section2 */,
				7A3914A82292C48400464372 /* Section1 */,
				7A3914892292A74300464372 /* AppDelegate.swift */,
				7A39149B2292B75400464372 /* WelcomeViewController.swift */,
				7A3914A22292B8FA00464372 /* LoginViewController.swift */,
				7A3914A42292B90A00464372 /* SignupViewController.swift */,
				7A3914A62292BE5300464372 /* HomeViewController.swift */,
			);
			path = Controller;
			sourceTree = "<group>";
		};
		7A39149F2292B7C100464372 /* View */ = {
			isa = PBXGroup;
			children = (
				7A39148D2292A74300464372 /* Main.storyboard */,
				7A3914922292A74800464372 /* LaunchScreen.storyboard */,
			);
			path = View;
			sourceTree = "<group>";
		};
		7A3914A12292B7CF00464372 /* Model */ = {
			isa = PBXGroup;
			children = (
			);
			path = Model;
			sourceTree = "<group>";
		};
		7A3914A82292C48400464372 /* Section1 */ = {
			isa = PBXGroup;
			children = (
				7A3914A92292C49A00464372 /* Section1AViewController.swift */,
			);
			path = Section1;
			sourceTree = "<group>";
		};
		7A3914AB2292C4A100464372 /* Section2 */ = {
			isa = PBXGroup;
			children = (
				7A3914AC2292C4BD00464372 /* Section2AViewController.swift */,
			);
			path = Section2;
			sourceTree = "<group>";
		};
		7A3914AE2292DD2D00464372 /* Section3 */ = {
			isa = PBXGroup;
			children = (
				7A3914B12292DD9D00464372 /* Section3BViewController.swift */,
				7A3914AF2292DD4800464372 /* Section3AViewController.swift */,
			);
			path = Section3;
			sourceTree = "<group>";
		};
/* End PBXGroup section */

/* Begin PBXNativeTarget section */
		7A3914852292A74300464372 /* appTemplate */ = {
			isa = PBXNativeTarget;
			buildConfigurationList = 7A3914982292A74800464372 /* Build configuration list for PBXNativeTarget "appTemplate" */;
			buildPhases = (
				7A3914822292A74300464372 /* Sources */,
				7A3914832292A74300464372 /* Frameworks */,
				7A3914842292A74300464372 /* Resources */,
			);
			buildRules = (
			);
			dependencies = (
			);
			name = appTemplate;
			productName = appTemplate;
			productReference = 7A3914862292A74300464372 /* appTemplate.app */;
			productType = "com.apple.product-type.application";
		};
/* End PBXNativeTarget section */

/* Begin PBXProject section */
		7A39147E2292A74300464372 /* Project object */ = {
			isa = PBXProject;
			attributes = {
				LastSwiftUpdateCheck = 1020;
				LastUpgradeCheck = 1020;
				ORGANIZATIONNAME = "Victor Hernandez-Urbina";
				TargetAttributes = {
					7A3914852292A74300464372 = {
						CreatedOnToolsVersion = 10.2;
					};
				};
			};
			buildConfigurationList = 7A3914812292A74300464372 /* Build configuration list for PBXProject "appTemplate" */;
			compatibilityVersion = "Xcode 9.3";
			developmentRegion = en;
			hasScannedForEncodings = 0;
			knownRegions = (
				en,
				Base,
			);
			mainGroup = 7A39147D2292A74200464372;
			productRefGroup = 7A3914872292A74300464372 /* Products */;
			projectDirPath = "";
			projectRoot = "";
			targets = (
				7A3914852292A74300464372 /* appTemplate */,
			);
		};
/* End PBXProject section */

/* Begin PBXResourcesBuildPhase section */
		7A3914842292A74300464372 /* Resources */ = {
			isa = PBXResourcesBuildPhase;
			buildActionMask = 2147483647;
			files = (
				7A3914942292A74800464372 /* LaunchScreen.storyboard in Resources */,
				7A3914912292A74800464372 /* Assets.xcassets in Resources */,
				7A39148F2292A74300464372 /* Main.storyboard in Resources */,
			);
			runOnlyForDeploymentPostprocessing = 0;
		};
/* End PBXResourcesBuildPhase section */

/* Begin PBXSourcesBuildPhase section */
		7A3914822292A74300464372 /* Sources */ = {
			isa = PBXSourcesBuildPhase;
			buildActionMask = 2147483647;
			files = (
				7A3914B22292DD9D00464372 /* Section3BViewController.swift in Sources */,
				7A3914B02292DD4800464372 /* Section3AViewController.swift in Sources */,
				7A3914AA2292C49A00464372 /* Section1AViewController.swift in Sources */,
				7A3914A72292BE5300464372 /* HomeViewController.swift in Sources */,
				7A3914A32292B8FA00464372 /* LoginViewController.swift in Sources */,
				7A39148A2292A74300464372 /* AppDelegate.swift in Sources */,
				7A3914AD2292C4BD00464372 /* Section2AViewController.swift in Sources */,
				7A3914A52292B90A00464372 /* SignupViewController.swift in Sources */,
				7A39149C2292B75400464372 /* WelcomeViewController.swift in Sources */,
			);
			runOnlyForDeploymentPostprocessing = 0;
		};
/* End PBXSourcesBuildPhase section */

/* Begin PBXVariantGroup section */
		7A39148D2292A74300464372 /* Main.storyboard */ = {
			isa = PBXVariantGroup;
			children = (
				7A39148E2292A74300464372 /* Base */,
			);
			name = Main.storyboard;
			sourceTree = "<group>";
		};
		7A3914922292A74800464372 /* LaunchScreen.storyboard */ = {
			isa = PBXVariantGroup;
			children = (
				7A3914932292A74800464372 /* Base */,
			);
			name = LaunchScreen.storyboard;
			sourceTree = "<group>";
		};
/* End PBXVariantGroup section */

/* Begin XCBuildConfiguration section */
		7A3914962292A74800464372 /* Debug */ = {
			isa = XCBuildConfiguration;
			buildSettings = {
				ALWAYS_SEARCH_USER_PATHS = NO;
				CLANG_ANALYZER_NONNULL = YES;
				CLANG_ANALYZER_NUMBER_OBJECT_CONVERSION = YES_AGGRESSIVE;
				CLANG_CXX_LANGUAGE_STANDARD = "gnu++14";
				CLANG_CXX_LIBRARY = "libc++";
				CLANG_ENABLE_MODULES = YES;
				CLANG_ENABLE_OBJC_ARC = YES;
				CLANG_ENABLE_OBJC_WEAK = YES;
				CLANG_WARN_BLOCK_CAPTURE_AUTORELEASING = YES;
				CLANG_WARN_BOOL_CONVERSION = YES;
				CLANG_WARN_COMMA = YES;
				CLANG_WARN_CONSTANT_CONVERSION = YES;
				CLANG_WARN_DEPRECATED_OBJC_IMPLEMENTATIONS = YES;
				CLANG_WARN_DIRECT_OBJC_ISA_USAGE = YES_ERROR;
				CLANG_WARN_DOCUMENTATION_COMMENTS = YES;
				CLANG_WARN_EMPTY_BODY = YES;
				CLANG_WARN_ENUM_CONVERSION = YES;
				CLANG_WARN_INFINITE_RECURSION = YES;
				CLANG_WARN_INT_CONVERSION = YES;
				CLANG_WARN_NON_LITERAL_NULL_CONVERSION = YES;
				CLANG_WARN_OBJC_IMPLICIT_RETAIN_SELF = YES;
				CLANG_WARN_OBJC_LITERAL_CONVERSION = YES;
				CLANG_WARN_OBJC_ROOT_CLASS = YES_ERROR;
				CLANG_WARN_RANGE_LOOP_ANALYSIS = YES;
				CLANG_WARN_STRICT_PROTOTYPES = YES;
				CLANG_WARN_SUSPICIOUS_MOVE = YES;
				CLANG_WARN_UNGUARDED_AVAILABILITY = YES_AGGRESSIVE;
				CLANG_WARN_UNREACHABLE_CODE = YES;
				CLANG_WARN__DUPLICATE_METHOD_MATCH = YES;
				CODE_SIGN_IDENTITY = "iPhone Developer";
				COPY_PHASE_STRIP = NO;
				DEBUG_INFORMATION_FORMAT = dwarf;
				ENABLE_STRICT_OBJC_MSGSEND = YES;
				ENABLE_TESTABILITY = YES;
				GCC_C_LANGUAGE_STANDARD = gnu11;
				GCC_DYNAMIC_NO_PIC = NO;
				GCC_NO_COMMON_BLOCKS = YES;
				GCC_OPTIMIZATION_LEVEL = 0;
				GCC_PREPROCESSOR_DEFINITIONS = (
					"DEBUG=1",
					"$(inherited)",
				);
				GCC_WARN_64_TO_32_BIT_CONVERSION = YES;
				GCC_WARN_ABOUT_RETURN_TYPE = YES_ERROR;
				GCC_WARN_UNDECLARED_SELECTOR = YES;
				GCC_WARN_UNINITIALIZED_AUTOS = YES_AGGRESSIVE;
				GCC_WARN_UNUSED_FUNCTION = YES;
				GCC_WARN_UNUSED_VARIABLE = YES;
				IPHONEOS_DEPLOYMENT_TARGET = 12.2;
				MTL_ENABLE_DEBUG_INFO = INCLUDE_SOURCE;
				MTL_FAST_MATH = YES;
				ONLY_ACTIVE_ARCH = YES;
				SDKROOT = iphoneos;
				SWIFT_ACTIVE_COMPILATION_CONDITIONS = DEBUG;
				SWIFT_OPTIMIZATION_LEVEL = "-Onone";
			};
			name = Debug;
		};
		7A3914972292A74800464372 /* Release */ = {
			isa = XCBuildConfiguration;
			buildSettings = {
				ALWAYS_SEARCH_USER_PATHS = NO;
				CLANG_ANALYZER_NONNULL = YES;
				CLANG_ANALYZER_NUMBER_OBJECT_CONVERSION = YES_AGGRESSIVE;
				CLANG_CXX_LANGUAGE_STANDARD = "gnu++14";
				CLANG_CXX_LIBRARY = "libc++";
				CLANG_ENABLE_MODULES = YES;
				CLANG_ENABLE_OBJC_ARC = YES;
				CLANG_ENABLE_OBJC_WEAK = YES;
				CLANG_WARN_BLOCK_CAPTURE_AUTORELEASING = YES;
				CLANG_WARN_BOOL_CONVERSION = YES;
				CLANG_WARN_COMMA = YES;
				CLANG_WARN_CONSTANT_CONVERSION = YES;
				CLANG_WARN_DEPRECATED_OBJC_IMPLEMENTATIONS = YES;
				CLANG_WARN_DIRECT_OBJC_ISA_USAGE = YES_ERROR;
				CLANG_WARN_DOCUMENTATION_COMMENTS = YES;
				CLANG_WARN_EMPTY_BODY = YES;
				CLANG_WARN_ENUM_CONVERSION = YES;
				CLANG_WARN_INFINITE_RECURSION = YES;
				CLANG_WARN_INT_CONVERSION = YES;
				CLANG_WARN_NON_LITERAL_NULL_CONVERSION = YES;
				CLANG_WARN_OBJC_IMPLICIT_RETAIN_SELF = YES;
				CLANG_WARN_OBJC_LITERAL_CONVERSION = YES;
				CLANG_WARN_OBJC_ROOT_CLASS = YES_ERROR;
				CLANG_WARN_RANGE_LOOP_ANALYSIS = YES;
				CLANG_WARN_STRICT_PROTOTYPES = YES;
				CLANG_WARN_SUSPICIOUS_MOVE = YES;
				CLANG_WARN_UNGUARDED_AVAILABILITY = YES_AGGRESSIVE;
				CLANG_WARN_UNREACHABLE_CODE = YES;
				CLANG_WARN__DUPLICATE_METHOD_MATCH = YES;
				CODE_SIGN_IDENTITY = "iPhone Developer";
				COPY_PHASE_STRIP = NO;
				DEBUG_INFORMATION_FORMAT = "dwarf-with-dsym";
				ENABLE_NS_ASSERTIONS = NO;
				ENABLE_STRICT_OBJC_MSGSEND = YES;
				GCC_C_LANGUAGE_STANDARD = gnu11;
				GCC_NO_COMMON_BLOCKS = YES;
				GCC_WARN_64_TO_32_BIT_CONVERSION = YES;
				GCC_WARN_ABOUT_RETURN_TYPE = YES_ERROR;
				GCC_WARN_UNDECLARED_SELECTOR = YES;
				GCC_WARN_UNINITIALIZED_AUTOS = YES_AGGRESSIVE;
				GCC_WARN_UNUSED_FUNCTION = YES;
				GCC_WARN_UNUSED_VARIABLE = YES;
				IPHONEOS_DEPLOYMENT_TARGET = 12.2;
				MTL_ENABLE_DEBUG_INFO = NO;
				MTL_FAST_MATH = YES;
				SDKROOT = iphoneos;
				SWIFT_COMPILATION_MODE = wholemodule;
				SWIFT_OPTIMIZATION_LEVEL = "-O";
				VALIDATE_PRODUCT = YES;
			};
			name = Release;
		};
		7A3914992292A74800464372 /* Debug */ = {
			isa = XCBuildConfiguration;
			buildSettings = {
				ASSETCATALOG_COMPILER_APPICON_NAME = AppIcon;
				CODE_SIGN_STYLE = Automatic;
				DEVELOPMENT_TEAM = RX68M4JXF2;
				INFOPLIST_FILE = appTemplate/Info.plist;
				LD_RUNPATH_SEARCH_PATHS = (
					"$(inherited)",
					"@executable_path/Frameworks",
				);
				PRODUCT_BUNDLE_IDENTIFIER = VogelsLab.appTemplate;
				PRODUCT_NAME = "$(TARGET_NAME)";
				SWIFT_VERSION = 5.0;
				TARGETED_DEVICE_FAMILY = "1,2";
			};
			name = Debug;
		};
		7A39149A2292A74800464372 /* Release */ = {
			isa = XCBuildConfiguration;
			buildSettings = {
				ASSETCATALOG_COMPILER_APPICON_NAME = AppIcon;
				CODE_SIGN_STYLE = Automatic;
				DEVELOPMENT_TEAM = RX68M4JXF2;
				INFOPLIST_FILE = appTemplate/Info.plist;
				LD_RUNPATH_SEARCH_PATHS = (
					"$(inherited)",
					"@executable_path/Frameworks",
				);
				PRODUCT_BUNDLE_IDENTIFIER = VogelsLab.appTemplate;
				PRODUCT_NAME = "$(TARGET_NAME)";
				SWIFT_VERSION = 5.0;
				TARGETED_DEVICE_FAMILY = "1,2";
			};
			name = Release;
		};
/* End XCBuildConfiguration section */

/* Begin XCConfigurationList section */
		7A3914812292A74300464372 /* Build configuration list for PBXProject "appTemplate" */ = {
			isa = XCConfigurationList;
			buildConfigurations = (
				7A3914962292A74800464372 /* Debug */,
				7A3914972292A74800464372 /* Release */,
			);
			defaultConfigurationIsVisible = 0;
			defaultConfigurationName = Release;
		};
		7A3914982292A74800464372 /* Build configuration list for PBXNativeTarget "appTemplate" */ = {
			isa = XCConfigurationList;
			buildConfigurations = (
				7A3914992292A74800464372 /* Debug */,
				7A39149A2292A74800464372 /* Release */,
			);
			defaultConfigurationIsVisible = 0;
			defaultConfigurationName = Release;
		};
/* End XCConfigurationList section */
	};
	rootObject = 7A39147E2292A74300464372 /* Project object */;
}
